
Microsoft Visual Studio Solution File, Format Version 12.00
# Visual Studio Version 17
VisualStudioVersion = 17.0.31903.59
MinimumVisualStudioVersion = 10.0.40219.1
Project("{2150E333-8FDC-42A3-9474-1A3956D46DE8}") = "src", "src", "{827E0CD3-B72D-47B6-A68D-7590B98EB39B}"
EndProject
Project("{FAE04EC0-301F-11D3-BF4B-00C04F79EFBC}") = "ParallelLanes", "src\ParallelLanes\ParallelLanes.csproj", "{2C4AC75F-94D8-4A62-A7AB-CBBD920487AE}"
EndProject
Project("{2150E333-8FDC-42A3-9474-1A3956D46DE8}") = "samples", "samples", "{5D20AA90-6969-D8BD-9DCD-8634F4692FDA}"
EndProject
Project("{FAE04EC0-301F-11D3-BF4B-00C04F79EFBC}") = "ParallelLanes.SampleApp", "samples\ParallelLanes.SampleApp\ParallelLanes.SampleApp.csproj", "{69D380F0-EAEE-4A25-A1DA-12CA9A349C61}"
EndProject
Project("{2150E333-8FDC-42A3-9474-1A3956D46DE8}") = "tests", "tests", "{0AB3BF05-4346-4AA6-1389-037BE0695223}"
EndProject
Project("{FAE04EC0-301F-11D3-BF4B-00C04F79EFBC}") = "ParallelLanes.Tests", "tests\ParallelLanes.Tests\ParallelLanes.Tests.csproj", "{3DB8A8C7-6A52-4EA6-8BEF-07B67D700095}"
EndProject
Project("{FAE04EC0-301F-11D3-BF4B-00C04F79EFBC}") = "ParallelLanes.Benchmarks", "tests\ParallelLanes.Benchmarks\ParallelLanes.Benchmarks.csproj", "{DD8D313C-4D5D-4A5C-9176-75C223830884}"
EndProject
Global
	GlobalSection(SolutionConfigurationPlatforms) = preSolution
		Debug|Any CPU = Debug|Any CPU
		Debug|x64 = Debug|x64
		Debug|x86 = Debug|x86
		Release|Any CPU = Release|Any CPU
		Release|x64 = Release|x64
		Release|x86 = Release|x86
	EndGlobalSection
	GlobalSection(ProjectConfigurationPlatforms) = postSolution
		{2C4AC75F-94D8-4A62-A7AB-CBBD920487AE}.Debug|Any CPU.ActiveCfg = Debug|Any CPU
		{2C4AC75F-94D8-4A62-A7AB-CBBD920487AE}.Debug|Any CPU.Build.0 = Debug|Any CPU
		{2C4AC75F-94D8-4A62-A7AB-CBBD920487AE}.Debug|x64.ActiveCfg = Debug|Any CPU
		{2C4AC75F-94D8-4A62-A7AB-CBBD920487AE}.Debug|x64.Build.0 = Debug|Any CPU
		{2C4AC75F-94D8-4A62-A7AB-CBBD920487AE}.Debug|x86.ActiveCfg = Debug|Any CPU
		{2C4AC75F-94D8-4A62-A7AB-CBBD920487AE}.Debug|x86.Build.0 = Debug|Any CPU
		{2C4AC75F-94D8-4A62-A7AB-CBBD920487AE}.Release|Any CPU.ActiveCfg = Release|Any CPU
		{2C4AC75F-94D8-4A62-A7AB-CBBD920487AE}.Release|Any CPU.Build.0 = Release|Any CPU
		{2C4AC75F-94D8-4A62-A7AB-CBBD920487AE}.Release|x64.ActiveCfg = Release|Any CPU
		{2C4AC75F-94D8-4A62-A7AB-CBBD920487AE}.Release|x64.Build.0 = Release|Any CPU
		{2C4AC75F-94D8-4A62-A7AB-CBBD920487AE}.Release|x86.ActiveCfg = Release|Any CPU
		{2C4AC75F-94D8-4A62-A7AB-CBBD920487AE}.Release|x86.Build.0 = Release|Any CPU
		{69D380F0-EAEE-4A25-A1DA-12CA9A349C61}.Debug|Any CPU.ActiveCfg = Debug|Any CPU
		{69D380F0-EAEE-4A25-A1DA-12CA9A349C61}.Debug|Any CPU.Build.0 = Debug|Any CPU
		{69D380F0-EAEE-4A25-A1DA-12CA9A349C61}.Debug|x64.ActiveCfg = Debug|Any CPU
		{69D380F0-EAEE-4A25-A1DA-12CA9A349C61}.Debug|x64.Build.0 = Debug|Any CPU
		{69D380F0-EAEE-4A25-A1DA-12CA9A349C61}.Debug|x86.ActiveCfg = Debug|Any CPU
		{69D380F0-EAEE-4A25-A1DA-12CA9A349C61}.Debug|x86.Build.0 = Debug|Any CPU
		{69D380F0-EAEE-4A25-A1DA-12CA9A349C61}.Release|Any CPU.ActiveCfg = Release|Any CPU
		{69D380F0-EAEE-4A25-A1DA-12CA9A349C61}.Release|Any CPU.Build.0 = Release|Any CPU
		{69D380F0-EAEE-4A25-A1DA-12CA9A349C61}.Release|x64.ActiveCfg = Release|Any CPU
		{69D380F0-EAEE-4A25-A1DA-12CA9A349C61}.Release|x64.Build.0 = Release|Any CPU
		{69D380F0-EAEE-4A25-A1DA-12CA9A349C61}.Release|x86.ActiveCfg = Release|Any CPU
		{69D380F0-EAEE-4A25-A1DA-12CA9A349C61}.Release|x86.Build.0 = Release|Any CPU
		{3DB8A8C7-6A52-4EA6-8BEF-07B67D700095}.Debug|Any CPU.ActiveCfg = Debug|Any CPU
		{3DB8A8C7-6A52-4EA6-8BEF-07B67D700095}.Debug|Any CPU.Build.0 = Debug|Any CPU
		{3DB8A8C7-6A52-4EA6-8BEF-07B67D700095}.Debug|x64.ActiveCfg = Debug|Any CPU
		{3DB8A8C7-6A52-4EA6-8BEF-07B67D700095}.Debug|x64.Build.0 = Debug|Any CPU
		{3DB8A8C7-6A52-4EA6-8BEF-07B67D700095}.Debug|x86.ActiveCfg = Debug|Any CPU
		{3DB8A8C7-6A52-4EA6-8BEF-07B67D700095}.Debug|x86.Build.0 = Debug|Any CPU
		{3DB8A8C7-6A52-4EA6-8BEF-07B67D700095}.Release|Any CPU.ActiveCfg = Release|Any CPU
		{3DB8A8C7-6A52-4EA6-8BEF-07B67D700095}.Release|Any CPU.Build.0 = Release|Any CPU
		{3DB8A8C7-6A52-4EA6-8BEF-07B67D700095}.Release|x64.ActiveCfg = Release|Any CPU
		{3DB8A8C7-6A52-4EA6-8BEF-07B67D700095}.Release|x64.Build.0 = Release|Any CPU
		{3DB8A8C7-6A52-4EA6-8BEF-07B67D700095}.Release|x86.ActiveCfg = Release|Any CPU
		{3DB8A8C7-6A52-4EA6-8BEF-07B67D700095}.Release|x86.Build.0 = Release|Any CPU
		{DD8D313C-4D5D-4A5C-9176-75C223830884}.Debug|Any CPU.ActiveCfg = Debug|Any CPU
		{DD8D313C-4D5D-4A5C-9176-75C223830884}.Debug|Any CPU.Build.0 = Debug|Any CPU
		{DD8D313C-4D5D-4A5C-9176-75C223830884}.Debug|x64.ActiveCfg = Debug|Any CPU
		{DD8D313C-4D5D-4A5C-9176-75C223830884}.Debug|x64.Build.0 = Debug|Any CPU
		{DD8D313C-4D5D-4A5C-9176-75C223830884}.Debug|x86.ActiveCfg = Debug|Any CPU
		{DD8D313C-4D5D-4A5C-9176-75C223830884}.Debug|x86.Build.0 = Debug|Any CPU
		{DD8D313C-4D5D-4A5C-9176-75C223830884}.Release|Any CPU.ActiveCfg = Release|Any CPU
		{DD8D313C-4D5D-4A5C-9176-75C223830884}.Release|Any CPU.Build.0 = Release|Any CPU
		{DD8D313C-4D5D-4A5C-9176-75C223830884}.Release|x64.ActiveCfg = Release|Any CPU
		{DD8D313C-4D5D-4A5C-9176-75C223830884}.Release|x64.Build.0 = Release|Any CPU
		{DD8D313C-4D5D-4A5C-9176-75C223830884}.Release|x86.ActiveCfg = Release|Any CPU
		{DD8D313C-4D5D-4A5C-9176-75C223830884}.Release|x86.Build.0 = Release|Any CPU
	EndGlobalSection
	GlobalSection(SolutionProperties) = preSolution
		HideSolutionNode = FALSE
	EndGlobalSection
	GlobalSection(NestedProjects) = preSolution
		{2C4AC75F-94D8-4A62-A7AB-CBBD920487AE} = {827E0CD3-B72D-47B6-A68D-7590B98EB39B}
		{69D380F0-EAEE-4A25-A1DA-12CA9A349C61} = {5D20AA90-6969-D8BD-9DCD-8634F4692FDA}
		{3DB8A8C7-6A52-4EA6-8BEF-07B67D700095} = {0AB3BF05-4346-4AA6-1389-037BE0695223}
		{DD8D313C-4D5D-4A5C-9176-75C223830884} = {0AB3BF05-4346-4AA6-1389-037BE0695223}
	EndGlobalSection
EndGlobal
